
Microsoft Visual Studio Solution File, Format Version 12.00
# Visual Studio 15
VisualStudioVersion = 15.0.26430.13
MinimumVisualStudioVersion = 10.0.40219.1
Project("{FAE04EC0-301F-11D3-BF4B-00C04F79EFBC}") = "DroneLander.Android", "DroneLander\DroneLander.Android\DroneLander.Android.csproj", "{318993FD-2654-459C-9B2A-0A0B5F50602F}"
EndProject
Project("{FAE04EC0-301F-11D3-BF4B-00C04F79EFBC}") = "DroneLander", "DroneLander\DroneLander\DroneLander.csproj", "{43D5EFC3-9AC4-4E3A-AF26-A2B9892684DA}"
EndProject
Project("{FAE04EC0-301F-11D3-BF4B-00C04F79EFBC}") = "DroneLander.UWP", "DroneLander\DroneLander.UWP\DroneLander.UWP.csproj", "{616DD900-E749-416D-8B16-E75DBF33046C}"
EndProject
Project("{FAE04EC0-301F-11D3-BF4B-00C04F79EFBC}") = "DroneLander.iOS", "DroneLander\DroneLander.iOS\DroneLander.iOS.csproj", "{6230DE66-9C37-47E4-BBAE-CCFB4E27AF3C}"
EndProject
Global
	GlobalSection(SolutionConfigurationPlatforms) = preSolution
		Ad-Hoc|Any CPU = Ad-Hoc|Any CPU
		Ad-Hoc|ARM = Ad-Hoc|ARM
		Ad-Hoc|iPhone = Ad-Hoc|iPhone
		Ad-Hoc|iPhoneSimulator = Ad-Hoc|iPhoneSimulator
		Ad-Hoc|x64 = Ad-Hoc|x64
		Ad-Hoc|x86 = Ad-Hoc|x86
		AppStore|Any CPU = AppStore|Any CPU
		AppStore|ARM = AppStore|ARM
		AppStore|iPhone = AppStore|iPhone
		AppStore|iPhoneSimulator = AppStore|iPhoneSimulator
		AppStore|x64 = AppStore|x64
		AppStore|x86 = AppStore|x86
		Debug|Any CPU = Debug|Any CPU
		Debug|ARM = Debug|ARM
		Debug|iPhone = Debug|iPhone
		Debug|iPhoneSimulator = Debug|iPhoneSimulator
		Debug|x64 = Debug|x64
		Debug|x86 = Debug|x86
		Release|Any CPU = Release|Any CPU
		Release|ARM = Release|ARM
		Release|iPhone = Release|iPhone
		Release|iPhoneSimulator = Release|iPhoneSimulator
		Release|x64 = Release|x64
		Release|x86 = Release|x86
	EndGlobalSection
	GlobalSection(ProjectConfigurationPlatforms) = postSolution
		{318993FD-2654-459C-9B2A-0A0B5F50602F}.Ad-Hoc|Any CPU.ActiveCfg = Release|Any CPU
		{318993FD-2654-459C-9B2A-0A0B5F50602F}.Ad-Hoc|Any CPU.Build.0 = Release|Any CPU
		{318993FD-2654-459C-9B2A-0A0B5F50602F}.Ad-Hoc|Any CPU.Deploy.0 = Release|Any CPU
		{318993FD-2654-459C-9B2A-0A0B5F50602F}.Ad-Hoc|ARM.ActiveCfg = Release|Any CPU
		{318993FD-2654-459C-9B2A-0A0B5F50602F}.Ad-Hoc|ARM.Build.0 = Release|Any CPU
		{318993FD-2654-459C-9B2A-0A0B5F50602F}.Ad-Hoc|ARM.Deploy.0 = Release|Any CPU
		{318993FD-2654-459C-9B2A-0A0B5F50602F}.Ad-Hoc|iPhone.ActiveCfg = Release|Any CPU
		{318993FD-2654-459C-9B2A-0A0B5F50602F}.Ad-Hoc|iPhone.Build.0 = Release|Any CPU
		{318993FD-2654-459C-9B2A-0A0B5F50602F}.Ad-Hoc|iPhone.Deploy.0 = Release|Any CPU
		{318993FD-2654-459C-9B2A-0A0B5F50602F}.Ad-Hoc|iPhoneSimulator.ActiveCfg = Release|Any CPU
		{318993FD-2654-459C-9B2A-0A0B5F50602F}.Ad-Hoc|iPhoneSimulator.Build.0 = Release|Any CPU
		{318993FD-2654-459C-9B2A-0A0B5F50602F}.Ad-Hoc|iPhoneSimulator.Deploy.0 = Release|Any CPU
		{318993FD-2654-459C-9B2A-0A0B5F50602F}.Ad-Hoc|x64.ActiveCfg = Release|Any CPU
		{318993FD-2654-459C-9B2A-0A0B5F50602F}.Ad-Hoc|x64.Build.0 = Release|Any CPU
		{318993FD-2654-459C-9B2A-0A0B5F50602F}.Ad-Hoc|x64.Deploy.0 = Release|Any CPU
		{318993FD-2654-459C-9B2A-0A0B5F50602F}.Ad-Hoc|x86.ActiveCfg = Release|Any CPU
		{318993FD-2654-459C-9B2A-0A0B5F50602F}.Ad-Hoc|x86.Build.0 = Release|Any CPU
		{318993FD-2654-459C-9B2A-0A0B5F50602F}.Ad-Hoc|x86.Deploy.0 = Release|Any CPU
		{318993FD-2654-459C-9B2A-0A0B5F50602F}.AppStore|Any CPU.ActiveCfg = Release|Any CPU
		{318993FD-2654-459C-9B2A-0A0B5F50602F}.AppStore|Any CPU.Build.0 = Release|Any CPU
		{318993FD-2654-459C-9B2A-0A0B5F50602F}.AppStore|Any CPU.Deploy.0 = Release|Any CPU
		{318993FD-2654-459C-9B2A-0A0B5F50602F}.AppStore|ARM.ActiveCfg = Release|Any CPU
		{318993FD-2654-459C-9B2A-0A0B5F50602F}.AppStore|ARM.Build.0 = Release|Any CPU
		{318993FD-2654-459C-9B2A-0A0B5F50602F}.AppStore|ARM.Deploy.0 = Release|Any CPU
		{318993FD-2654-459C-9B2A-0A0B5F50602F}.AppStore|iPhone.ActiveCfg = Release|Any CPU
		{318993FD-2654-459C-9B2A-0A0B5F50602F}.AppStore|iPhone.Build.0 = Release|Any CPU
		{318993FD-2654-459C-9B2A-0A0B5F50602F}.AppStore|iPhone.Deploy.0 = Release|Any CPU
		{318993FD-2654-459C-9B2A-0A0B5F50602F}.AppStore|iPhoneSimulator.ActiveCfg = Release|Any CPU
		{318993FD-2654-459C-9B2A-0A0B5F50602F}.AppStore|iPhoneSimulator.Build.0 = Release|Any CPU
		{318993FD-2654-459C-9B2A-0A0B5F50602F}.AppStore|iPhoneSimulator.Deploy.0 = Release|Any CPU
		{318993FD-2654-459C-9B2A-0A0B5F50602F}.AppStore|x64.ActiveCfg = Release|Any CPU
		{318993FD-2654-459C-9B2A-0A0B5F50602F}.AppStore|x64.Build.0 = Release|Any CPU
		{318993FD-2654-459C-9B2A-0A0B5F50602F}.AppStore|x64.Deploy.0 = Release|Any CPU
		{318993FD-2654-459C-9B2A-0A0B5F50602F}.AppStore|x86.ActiveCfg = Release|Any CPU
		{318993FD-2654-459C-9B2A-0A0B5F50602F}.AppStore|x86.Build.0 = Release|Any CPU
		{318993FD-2654-459C-9B2A-0A0B5F50602F}.AppStore|x86.Deploy.0 = Release|Any CPU
		{318993FD-2654-459C-9B2A-0A0B5F50602F}.Debug|Any CPU.ActiveCfg = Debug|Any CPU
		{318993FD-2654-459C-9B2A-0A0B5F50602F}.Debug|Any CPU.Build.0 = Debug|Any CPU
		{318993FD-2654-459C-9B2A-0A0B5F50602F}.Debug|Any CPU.Deploy.0 = Debug|Any CPU
		{318993FD-2654-459C-9B2A-0A0B5F50602F}.Debug|ARM.ActiveCfg = Debug|Any CPU
		{318993FD-2654-459C-9B2A-0A0B5F50602F}.Debug|ARM.Build.0 = Debug|Any CPU
		{318993FD-2654-459C-9B2A-0A0B5F50602F}.Debug|ARM.Deploy.0 = Debug|Any CPU
		{318993FD-2654-459C-9B2A-0A0B5F50602F}.Debug|iPhone.ActiveCfg = Debug|Any CPU
		{318993FD-2654-459C-9B2A-0A0B5F50602F}.Debug|iPhone.Build.0 = Debug|Any CPU
		{318993FD-2654-459C-9B2A-0A0B5F50602F}.Debug|iPhone.Deploy.0 = Debug|Any CPU
		{318993FD-2654-459C-9B2A-0A0B5F50602F}.Debug|iPhoneSimulator.ActiveCfg = Debug|Any CPU
		{318993FD-2654-459C-9B2A-0A0B5F50602F}.Debug|iPhoneSimulator.Build.0 = Debug|Any CPU
		{318993FD-2654-459C-9B2A-0A0B5F50602F}.Debug|iPhoneSimulator.Deploy.0 = Debug|Any CPU
		{318993FD-2654-459C-9B2A-0A0B5F50602F}.Debug|x64.ActiveCfg = Debug|Any CPU
		{318993FD-2654-459C-9B2A-0A0B5F50602F}.Debug|x64.Build.0 = Debug|Any CPU
		{318993FD-2654-459C-9B2A-0A0B5F50602F}.Debug|x64.Deploy.0 = Debug|Any CPU
		{318993FD-2654-459C-9B2A-0A0B5F50602F}.Debug|x86.ActiveCfg = Debug|Any CPU
		{318993FD-2654-459C-9B2A-0A0B5F50602F}.Debug|x86.Build.0 = Debug|Any CPU
		{318993FD-2654-459C-9B2A-0A0B5F50602F}.Debug|x86.Deploy.0 = Debug|Any CPU
		{318993FD-2654-459C-9B2A-0A0B5F50602F}.Release|Any CPU.ActiveCfg = Release|Any CPU
		{318993FD-2654-459C-9B2A-0A0B5F50602F}.Release|Any CPU.Build.0 = Release|Any CPU
		{318993FD-2654-459C-9B2A-0A0B5F50602F}.Release|Any CPU.Deploy.0 = Release|Any CPU
		{318993FD-2654-459C-9B2A-0A0B5F50602F}.Release|ARM.ActiveCfg = Release|Any CPU
		{318993FD-2654-459C-9B2A-0A0B5F50602F}.Release|ARM.Build.0 = Release|Any CPU
		{318993FD-2654-459C-9B2A-0A0B5F50602F}.Release|ARM.Deploy.0 = Release|Any CPU
		{318993FD-2654-459C-9B2A-0A0B5F50602F}.Release|iPhone.ActiveCfg = Release|Any CPU
		{318993FD-2654-459C-9B2A-0A0B5F50602F}.Release|iPhone.Build.0 = Release|Any CPU
		{318993FD-2654-459C-9B2A-0A0B5F50602F}.Release|iPhone.Deploy.0 = Release|Any CPU
		{318993FD-2654-459C-9B2A-0A0B5F50602F}.Release|iPhoneSimulator.ActiveCfg = Release|Any CPU
		{318993FD-2654-459C-9B2A-0A0B5F50602F}.Release|iPhoneSimulator.Build.0 = Release|Any CPU
		{318993FD-2654-459C-9B2A-0A0B5F50602F}.Release|iPhoneSimulator.Deploy.0 = Release|Any CPU
		{318993FD-2654-459C-9B2A-0A0B5F50602F}.Release|x64.ActiveCfg = Release|Any CPU
		{318993FD-2654-459C-9B2A-0A0B5F50602F}.Release|x64.Build.0 = Release|Any CPU
		{318993FD-2654-459C-9B2A-0A0B5F50602F}.Release|x64.Deploy.0 = Release|Any CPU
		{318993FD-2654-459C-9B2A-0A0B5F50602F}.Release|x86.ActiveCfg = Release|Any CPU
		{318993FD-2654-459C-9B2A-0A0B5F50602F}.Release|x86.Build.0 = Release|Any CPU
		{318993FD-2654-459C-9B2A-0A0B5F50602F}.Release|x86.Deploy.0 = Release|Any CPU
		{43D5EFC3-9AC4-4E3A-AF26-A2B9892684DA}.Ad-Hoc|Any CPU.ActiveCfg = Release|Any CPU
		{43D5EFC3-9AC4-4E3A-AF26-A2B9892684DA}.Ad-Hoc|Any CPU.Build.0 = Release|Any CPU
		{43D5EFC3-9AC4-4E3A-AF26-A2B9892684DA}.Ad-Hoc|ARM.ActiveCfg = Release|Any CPU
		{43D5EFC3-9AC4-4E3A-AF26-A2B9892684DA}.Ad-Hoc|ARM.Build.0 = Release|Any CPU
		{43D5EFC3-9AC4-4E3A-AF26-A2B9892684DA}.Ad-Hoc|iPhone.ActiveCfg = Release|Any CPU
		{43D5EFC3-9AC4-4E3A-AF26-A2B9892684DA}.Ad-Hoc|iPhone.Build.0 = Release|Any CPU
		{43D5EFC3-9AC4-4E3A-AF26-A2B9892684DA}.Ad-Hoc|iPhoneSimulator.ActiveCfg = Release|Any CPU
		{43D5EFC3-9AC4-4E3A-AF26-A2B9892684DA}.Ad-Hoc|iPhoneSimulator.Build.0 = Release|Any CPU
		{43D5EFC3-9AC4-4E3A-AF26-A2B9892684DA}.Ad-Hoc|x64.ActiveCfg = Release|Any CPU
		{43D5EFC3-9AC4-4E3A-AF26-A2B9892684DA}.Ad-Hoc|x64.Build.0 = Release|Any CPU
		{43D5EFC3-9AC4-4E3A-AF26-A2B9892684DA}.Ad-Hoc|x86.ActiveCfg = Release|Any CPU
		{43D5EFC3-9AC4-4E3A-AF26-A2B9892684DA}.Ad-Hoc|x86.Build.0 = Release|Any CPU
		{43D5EFC3-9AC4-4E3A-AF26-A2B9892684DA}.AppStore|Any CPU.ActiveCfg = Release|Any CPU
		{43D5EFC3-9AC4-4E3A-AF26-A2B9892684DA}.AppStore|Any CPU.Build.0 = Release|Any CPU
		{43D5EFC3-9AC4-4E3A-AF26-A2B9892684DA}.AppStore|ARM.ActiveCfg = Release|Any CPU
		{43D5EFC3-9AC4-4E3A-AF26-A2B9892684DA}.AppStore|ARM.Build.0 = Release|Any CPU
		{43D5EFC3-9AC4-4E3A-AF26-A2B9892684DA}.AppStore|iPhone.ActiveCfg = Release|Any CPU
		{43D5EFC3-9AC4-4E3A-AF26-A2B9892684DA}.AppStore|iPhone.Build.0 = Release|Any CPU
		{43D5EFC3-9AC4-4E3A-AF26-A2B9892684DA}.AppStore|iPhoneSimulator.ActiveCfg = Release|Any CPU
		{43D5EFC3-9AC4-4E3A-AF26-A2B9892684DA}.AppStore|iPhoneSimulator.Build.0 = Release|Any CPU
		{43D5EFC3-9AC4-4E3A-AF26-A2B9892684DA}.AppStore|x64.ActiveCfg = Release|Any CPU
		{43D5EFC3-9AC4-4E3A-AF26-A2B9892684DA}.AppStore|x64.Build.0 = Release|Any CPU
		{43D5EFC3-9AC4-4E3A-AF26-A2B9892684DA}.AppStore|x86.ActiveCfg = Release|Any CPU
		{43D5EFC3-9AC4-4E3A-AF26-A2B9892684DA}.AppStore|x86.Build.0 = Release|Any CPU
		{43D5EFC3-9AC4-4E3A-AF26-A2B9892684DA}.Debug|Any CPU.ActiveCfg = Debug|Any CPU
		{43D5EFC3-9AC4-4E3A-AF26-A2B9892684DA}.Debug|Any CPU.Build.0 = Debug|Any CPU
		{43D5EFC3-9AC4-4E3A-AF26-A2B9892684DA}.Debug|ARM.ActiveCfg = Debug|Any CPU
		{43D5EFC3-9AC4-4E3A-AF26-A2B9892684DA}.Debug|ARM.Build.0 = Debug|Any CPU
		{43D5EFC3-9AC4-4E3A-AF26-A2B9892684DA}.Debug|iPhone.ActiveCfg = Debug|Any CPU
		{43D5EFC3-9AC4-4E3A-AF26-A2B9892684DA}.Debug|iPhone.Build.0 = Debug|Any CPU
		{43D5EFC3-9AC4-4E3A-AF26-A2B9892684DA}.Debug|iPhoneSimulator.ActiveCfg = Debug|Any CPU
		{43D5EFC3-9AC4-4E3A-AF26-A2B9892684DA}.Debug|iPhoneSimulator.Build.0 = Debug|Any CPU
		{43D5EFC3-9AC4-4E3A-AF26-A2B9892684DA}.Debug|x64.ActiveCfg = Debug|Any CPU
		{43D5EFC3-9AC4-4E3A-AF26-A2B9892684DA}.Debug|x64.Build.0 = Debug|Any CPU
		{43D5EFC3-9AC4-4E3A-AF26-A2B9892684DA}.Debug|x86.ActiveCfg = Debug|Any CPU
		{43D5EFC3-9AC4-4E3A-AF26-A2B9892684DA}.Debug|x86.Build.0 = Debug|Any CPU
		{43D5EFC3-9AC4-4E3A-AF26-A2B9892684DA}.Release|Any CPU.ActiveCfg = Release|Any CPU
		{43D5EFC3-9AC4-4E3A-AF26-A2B9892684DA}.Release|Any CPU.Build.0 = Release|Any CPU
		{43D5EFC3-9AC4-4E3A-AF26-A2B9892684DA}.Release|ARM.ActiveCfg = Release|Any CPU
		{43D5EFC3-9AC4-4E3A-AF26-A2B9892684DA}.Release|ARM.Build.0 = Release|Any CPU
		{43D5EFC3-9AC4-4E3A-AF26-A2B9892684DA}.Release|iPhone.ActiveCfg = Release|Any CPU
		{43D5EFC3-9AC4-4E3A-AF26-A2B9892684DA}.Release|iPhone.Build.0 = Release|Any CPU
		{43D5EFC3-9AC4-4E3A-AF26-A2B9892684DA}.Release|iPhoneSimulator.ActiveCfg = Release|Any CPU
		{43D5EFC3-9AC4-4E3A-AF26-A2B9892684DA}.Release|iPhoneSimulator.Build.0 = Release|Any CPU
		{43D5EFC3-9AC4-4E3A-AF26-A2B9892684DA}.Release|x64.ActiveCfg = Release|Any CPU
		{43D5EFC3-9AC4-4E3A-AF26-A2B9892684DA}.Release|x64.Build.0 = Release|Any CPU
		{43D5EFC3-9AC4-4E3A-AF26-A2B9892684DA}.Release|x86.ActiveCfg = Release|Any CPU
		{43D5EFC3-9AC4-4E3A-AF26-A2B9892684DA}.Release|x86.Build.0 = Release|Any CPU
		{616DD900-E749-416D-8B16-E75DBF33046C}.Ad-Hoc|Any CPU.ActiveCfg = Release|x86
		{616DD900-E749-416D-8B16-E75DBF33046C}.Ad-Hoc|Any CPU.Build.0 = Release|x86
		{616DD900-E749-416D-8B16-E75DBF33046C}.Ad-Hoc|Any CPU.Deploy.0 = Release|x86
		{616DD900-E749-416D-8B16-E75DBF33046C}.Ad-Hoc|ARM.ActiveCfg = Release|ARM
		{616DD900-E749-416D-8B16-E75DBF33046C}.Ad-Hoc|ARM.Build.0 = Release|ARM
		{616DD900-E749-416D-8B16-E75DBF33046C}.Ad-Hoc|ARM.Deploy.0 = Release|ARM
		{616DD900-E749-416D-8B16-E75DBF33046C}.Ad-Hoc|iPhone.ActiveCfg = Release|x86
		{616DD900-E749-416D-8B16-E75DBF33046C}.Ad-Hoc|iPhone.Build.0 = Release|x86
		{616DD900-E749-416D-8B16-E75DBF33046C}.Ad-Hoc|iPhone.Deploy.0 = Release|x86
		{616DD900-E749-416D-8B16-E75DBF33046C}.Ad-Hoc|iPhoneSimulator.ActiveCfg = Release|x86
		{616DD900-E749-416D-8B16-E75DBF33046C}.Ad-Hoc|iPhoneSimulator.Build.0 = Release|x86
		{616DD900-E749-416D-8B16-E75DBF33046C}.Ad-Hoc|iPhoneSimulator.Deploy.0 = Release|x86
		{616DD900-E749-416D-8B16-E75DBF33046C}.Ad-Hoc|x64.ActiveCfg = Release|x64
		{616DD900-E749-416D-8B16-E75DBF33046C}.Ad-Hoc|x64.Build.0 = Release|x64
		{616DD900-E749-416D-8B16-E75DBF33046C}.Ad-Hoc|x64.Deploy.0 = Release|x64
		{616DD900-E749-416D-8B16-E75DBF33046C}.Ad-Hoc|x86.ActiveCfg = Release|x86
		{616DD900-E749-416D-8B16-E75DBF33046C}.Ad-Hoc|x86.Build.0 = Release|x86
		{616DD900-E749-416D-8B16-E75DBF33046C}.Ad-Hoc|x86.Deploy.0 = Release|x86
		{616DD900-E749-416D-8B16-E75DBF33046C}.AppStore|Any CPU.ActiveCfg = Release|x86
		{616DD900-E749-416D-8B16-E75DBF33046C}.AppStore|Any CPU.Build.0 = Release|x86
		{616DD900-E749-416D-8B16-E75DBF33046C}.AppStore|Any CPU.Deploy.0 = Release|x86
		{616DD900-E749-416D-8B16-E75DBF33046C}.AppStore|ARM.ActiveCfg = Release|ARM
		{616DD900-E749-416D-8B16-E75DBF33046C}.AppStore|ARM.Build.0 = Release|ARM
		{616DD900-E749-416D-8B16-E75DBF33046C}.AppStore|ARM.Deploy.0 = Release|ARM
		{616DD900-E749-416D-8B16-E75DBF33046C}.AppStore|iPhone.ActiveCfg = Release|x86
		{616DD900-E749-416D-8B16-E75DBF33046C}.AppStore|iPhone.Build.0 = Release|x86
		{616DD900-E749-416D-8B16-E75DBF33046C}.AppStore|iPhone.Deploy.0 = Release|x86
		{616DD900-E749-416D-8B16-E75DBF33046C}.AppStore|iPhoneSimulator.ActiveCfg = Release|x86
		{616DD900-E749-416D-8B16-E75DBF33046C}.AppStore|iPhoneSimulator.Build.0 = Release|x86
		{616DD900-E749-416D-8B16-E75DBF33046C}.AppStore|iPhoneSimulator.Deploy.0 = Release|x86
		{616DD900-E749-416D-8B16-E75DBF33046C}.AppStore|x64.ActiveCfg = Release|x64
		{616DD900-E749-416D-8B16-E75DBF33046C}.AppStore|x64.Build.0 = Release|x64
		{616DD900-E749-416D-8B16-E75DBF33046C}.AppStore|x64.Deploy.0 = Release|x64
		{616DD900-E749-416D-8B16-E75DBF33046C}.AppStore|x86.ActiveCfg = Release|x86
		{616DD900-E749-416D-8B16-E75DBF33046C}.AppStore|x86.Build.0 = Release|x86
		{616DD900-E749-416D-8B16-E75DBF33046C}.AppStore|x86.Deploy.0 = Release|x86
		{616DD900-E749-416D-8B16-E75DBF33046C}.Debug|Any CPU.ActiveCfg = Debug|x86
		{616DD900-E749-416D-8B16-E75DBF33046C}.Debug|Any CPU.Build.0 = Debug|x86
		{616DD900-E749-416D-8B16-E75DBF33046C}.Debug|Any CPU.Deploy.0 = Debug|x86
		{616DD900-E749-416D-8B16-E75DBF33046C}.Debug|ARM.ActiveCfg = Debug|ARM
		{616DD900-E749-416D-8B16-E75DBF33046C}.Debug|ARM.Build.0 = Debug|ARM
		{616DD900-E749-416D-8B16-E75DBF33046C}.Debug|ARM.Deploy.0 = Debug|ARM
		{616DD900-E749-416D-8B16-E75DBF33046C}.Debug|iPhone.ActiveCfg = Debug|x86
		{616DD900-E749-416D-8B16-E75DBF33046C}.Debug|iPhoneSimulator.ActiveCfg = Debug|x86
		{616DD900-E749-416D-8B16-E75DBF33046C}.Debug|x64.ActiveCfg = Debug|x64
		{616DD900-E749-416D-8B16-E75DBF33046C}.Debug|x64.Build.0 = Debug|x64
		{616DD900-E749-416D-8B16-E75DBF33046C}.Debug|x64.Deploy.0 = Debug|x64
		{616DD900-E749-416D-8B16-E75DBF33046C}.Debug|x86.ActiveCfg = Debug|x86
		{616DD900-E749-416D-8B16-E75DBF33046C}.Debug|x86.Build.0 = Debug|x86
		{616DD900-E749-416D-8B16-E75DBF33046C}.Debug|x86.Deploy.0 = Debug|x86
		{616DD900-E749-416D-8B16-E75DBF33046C}.Release|Any CPU.ActiveCfg = Release|x86
		{616DD900-E749-416D-8B16-E75DBF33046C}.Release|ARM.ActiveCfg = Release|ARM
		{616DD900-E749-416D-8B16-E75DBF33046C}.Release|ARM.Build.0 = Release|ARM
		{616DD900-E749-416D-8B16-E75DBF33046C}.Release|ARM.Deploy.0 = Release|ARM
		{616DD900-E749-416D-8B16-E75DBF33046C}.Release|iPhone.ActiveCfg = Release|x86
		{616DD900-E749-416D-8B16-E75DBF33046C}.Release|iPhoneSimulator.ActiveCfg = Release|x86
		{616DD900-E749-416D-8B16-E75DBF33046C}.Release|x64.ActiveCfg = Release|x64
		{616DD900-E749-416D-8B16-E75DBF33046C}.Release|x64.Build.0 = Release|x64
		{616DD900-E749-416D-8B16-E75DBF33046C}.Release|x64.Deploy.0 = Release|x64
		{616DD900-E749-416D-8B16-E75DBF33046C}.Release|x86.ActiveCfg = Release|x86
		{616DD900-E749-416D-8B16-E75DBF33046C}.Release|x86.Build.0 = Release|x86
		{616DD900-E749-416D-8B16-E75DBF33046C}.Release|x86.Deploy.0 = Release|x86
		{6230DE66-9C37-47E4-BBAE-CCFB4E27AF3C}.Ad-Hoc|Any CPU.ActiveCfg = Ad-Hoc|iPhone
		{6230DE66-9C37-47E4-BBAE-CCFB4E27AF3C}.Ad-Hoc|ARM.ActiveCfg = Ad-Hoc|iPhone
		{6230DE66-9C37-47E4-BBAE-CCFB4E27AF3C}.Ad-Hoc|iPhone.ActiveCfg = Ad-Hoc|iPhone
		{6230DE66-9C37-47E4-BBAE-CCFB4E27AF3C}.Ad-Hoc|iPhone.Build.0 = Ad-Hoc|iPhone
		{6230DE66-9C37-47E4-BBAE-CCFB4E27AF3C}.Ad-Hoc|iPhoneSimulator.ActiveCfg = Ad-Hoc|iPhoneSimulator
		{6230DE66-9C37-47E4-BBAE-CCFB4E27AF3C}.Ad-Hoc|iPhoneSimulator.Build.0 = Ad-Hoc|iPhoneSimulator
		{6230DE66-9C37-47E4-BBAE-CCFB4E27AF3C}.Ad-Hoc|x64.ActiveCfg = Ad-Hoc|iPhone
		{6230DE66-9C37-47E4-BBAE-CCFB4E27AF3C}.Ad-Hoc|x86.ActiveCfg = Ad-Hoc|iPhone
		{6230DE66-9C37-47E4-BBAE-CCFB4E27AF3C}.AppStore|Any CPU.ActiveCfg = AppStore|iPhone
		{6230DE66-9C37-47E4-BBAE-CCFB4E27AF3C}.AppStore|ARM.ActiveCfg = AppStore|iPhone
		{6230DE66-9C37-47E4-BBAE-CCFB4E27AF3C}.AppStore|iPhone.ActiveCfg = AppStore|iPhone
		{6230DE66-9C37-47E4-BBAE-CCFB4E27AF3C}.AppStore|iPhone.Build.0 = AppStore|iPhone
		{6230DE66-9C37-47E4-BBAE-CCFB4E27AF3C}.AppStore|iPhoneSimulator.ActiveCfg = AppStore|iPhoneSimulator
		{6230DE66-9C37-47E4-BBAE-CCFB4E27AF3C}.AppStore|iPhoneSimulator.Build.0 = AppStore|iPhoneSimulator
		{6230DE66-9C37-47E4-BBAE-CCFB4E27AF3C}.AppStore|x64.ActiveCfg = AppStore|iPhone
		{6230DE66-9C37-47E4-BBAE-CCFB4E27AF3C}.AppStore|x86.ActiveCfg = AppStore|iPhone
		{6230DE66-9C37-47E4-BBAE-CCFB4E27AF3C}.Debug|Any CPU.ActiveCfg = Debug|iPhone
		{6230DE66-9C37-47E4-BBAE-CCFB4E27AF3C}.Debug|ARM.ActiveCfg = Debug|iPhone
		{6230DE66-9C37-47E4-BBAE-CCFB4E27AF3C}.Debug|iPhone.ActiveCfg = Debug|iPhone
		{6230DE66-9C37-47E4-BBAE-CCFB4E27AF3C}.Debug|iPhone.Build.0 = Debug|iPhone
		{6230DE66-9C37-47E4-BBAE-CCFB4E27AF3C}.Debug|iPhoneSimulator.ActiveCfg = Debug|iPhoneSimulator
		{6230DE66-9C37-47E4-BBAE-CCFB4E27AF3C}.Debug|iPhoneSimulator.Build.0 = Debug|iPhoneSimulator
		{6230DE66-9C37-47E4-BBAE-CCFB4E27AF3C}.Debug|x64.ActiveCfg = Debug|iPhone
		{6230DE66-9C37-47E4-BBAE-CCFB4E27AF3C}.Debug|x86.ActiveCfg = Debug|iPhone
		{6230DE66-9C37-47E4-BBAE-CCFB4E27AF3C}.Release|Any CPU.ActiveCfg = Release|iPhone
		{6230DE66-9C37-47E4-BBAE-CCFB4E27AF3C}.Release|ARM.ActiveCfg = Release|iPhone
		{6230DE66-9C37-47E4-BBAE-CCFB4E27AF3C}.Release|iPhone.ActiveCfg = Release|iPhone
		{6230DE66-9C37-47E4-BBAE-CCFB4E27AF3C}.Release|iPhone.Build.0 = Release|iPhone
		{6230DE66-9C37-47E4-BBAE-CCFB4E27AF3C}.Release|iPhoneSimulator.ActiveCfg = Release|iPhoneSimulator
		{6230DE66-9C37-47E4-BBAE-CCFB4E27AF3C}.Release|iPhoneSimulator.Build.0 = Release|iPhoneSimulator
		{6230DE66-9C37-47E4-BBAE-CCFB4E27AF3C}.Release|x64.ActiveCfg = Release|iPhone
		{6230DE66-9C37-47E4-BBAE-CCFB4E27AF3C}.Release|x86.ActiveCfg = Release|iPhone
	EndGlobalSection
	GlobalSection(SolutionProperties) = preSolution
		HideSolutionNode = FALSE
	EndGlobalSection
EndGlobal
